<Solution>
  <Folder Name="/Repository/">
    <File Path="AGENTS.md" />
    <File Path="SPEC.md" />
    <File Path="README.md" />
    <File Path="CHANGELOG.md" />
    <File Path="Directory.Build.props" />
    <File Path="Directory.Build.targets" />
    <File Path="Directory.Packages.props" />
    <File Path="global.json" />
    <File Path="NuGet.config" />
  </Folder>
  <Project Path="src/NvtFwCombiner.Domain/NvtFwCombiner.Domain.csproj" />
  <Project Path="src/NvtFwCombiner.Contracts/NvtFwCombiner.Contracts.csproj" />
  <Project Path="src/NvtFwCombiner.Application/NvtFwCombiner.Application.csproj" />
  <Project Path="src/NvtFwCombiner.VersionManagement.Application/NvtFwCombiner.VersionManagement.Application.csproj" />
  <Project Path="src/NvtFwCombiner.Profiles/NvtFwCombiner.Profiles.csproj" />
  <Project Path="src/NvtFwCombiner.Platform/NvtFwCombiner.Platform.csproj" />
  <Project Path="src/NvtFwCombiner.Infrastructure/NvtFwCombiner.Infrastructure.csproj" />
  <Project Path="src/NvtFwCombiner.VersionManagement.Infrastructure/NvtFwCombiner.VersionManagement.Infrastructure.csproj" />
  <Project Path="src/NvtFwCombiner.Bootstrap/NvtFwCombiner.Bootstrap.csproj" />
  <Project Path="src/NvtFwCombiner.DistributionLauncher/NvtFwCombiner.DistributionLauncher.csproj" />
  <Project Path="src/NvtFwCombiner.Cli/NvtFwCombiner.Cli.csproj" />
  <Project Path="src/NvtFwCombiner.Desktop/NvtFwCombiner.Desktop.csproj" />
  <Project Path="src/NvtFwCombiner.Launcher/NvtFwCombiner.Launcher.csproj" />
  <Project Path="src/NvtFwCombiner.LauncherBootstrap/NvtFwCombiner.LauncherBootstrap.csproj" />
  <Project Path="src/NvtFwCombiner.Presentation.Avalonia/NvtFwCombiner.Presentation.Avalonia.csproj" />
  <Project Path="tests/NvtFwCombiner.Domain.Tests/NvtFwCombiner.Domain.Tests.csproj" />
  <Project Path="tests/NvtFwCombiner.TestSupport/NvtFwCombiner.TestSupport.csproj" />
  <Project Path="tests/NvtFwCombiner.Application.Tests/NvtFwCombiner.Application.Tests.csproj" />
  <Project Path="tests/NvtFwCombiner.Infrastructure.Tests/NvtFwCombiner.Infrastructure.Tests.csproj" />
  <Project Path="tests/NvtFwCombiner.ReadyProbe/NvtFwCombiner.ReadyProbe.csproj" />
  <Project Path="tests/NvtFwCombiner.ProfileContract.Tests/NvtFwCombiner.ProfileContract.Tests.csproj" />
  <Project Path="tests/NvtFwCombiner.GoldenRegression.Tests/NvtFwCombiner.GoldenRegression.Tests.csproj" />
  <Project Path="tests/NvtFwCombiner.Bootstrap.Tests/NvtFwCombiner.Bootstrap.Tests.csproj" />
  <Project Path="tests/NvtFwCombiner.Architecture.Tests/NvtFwCombiner.Architecture.Tests.csproj" />
  <Project Path="tests/NvtFwCombiner.UiSmoke.Tests/NvtFwCombiner.UiSmoke.Tests.csproj" />
</Solution>
